// !$*UTF8*$!
{
	archiveVersion = 1;
	classes = {
	};
	objectVersion = 48;
	objects = {

/* Begin PBXBuildFile section */
		B31148E0200040390091B71E /* TodoListPresenter.swift in Sources */ = {isa = PBXBuildFile; fileRef = B31148CA200040390091B71E /* TodoListPresenter.swift */; };
		B31148E1200040390091B71E /* TodoListPresenterOutput.swift in Sources */ = {isa = PBXBuildFile; fileRef = B31148CB200040390091B71E /* TodoListPresenterOutput.swift */; };
		B31148E2200040390091B71E /* TodoListViewModel.swift in Sources */ = {isa = PBXBuildFile; fileRef = B31148CC200040390091B71E /* TodoListViewModel.swift */; };
		B31148E7200040390091B71E /* TodoListConnector.swift in Sources */ = {isa = PBXBuildFile; fileRef = B31148D3200040390091B71E /* TodoListConnector.swift */; };
		B31148E8200040390091B71E /* TodoListAdapter.swift in Sources */ = {isa = PBXBuildFile; fileRef = B31148D5200040390091B71E /* TodoListAdapter.swift */; };
		B31148E9200040390091B71E /* TodoListCellConfigurator.swift in Sources */ = {isa = PBXBuildFile; fileRef = B31148D6200040390091B71E /* TodoListCellConfigurator.swift */; };
		B31148EA200040390091B71E /* TodoListViewController.swift in Sources */ = {isa = PBXBuildFile; fileRef = B31148D7200040390091B71E /* TodoListViewController.swift */; };
		B31148EB200040390091B71E /* TodoListCell.swift in Sources */ = {isa = PBXBuildFile; fileRef = B31148D8200040390091B71E /* TodoListCell.swift */; };
		B31148EC200040390091B71E /* TodoListPresentationModel.swift in Sources */ = {isa = PBXBuildFile; fileRef = B31148DA200040390091B71E /* TodoListPresentationModel.swift */; };
		B31148ED200040390091B71E /* TodoListUseCase.swift in Sources */ = {isa = PBXBuildFile; fileRef = B31148DB200040390091B71E /* TodoListUseCase.swift */; };
		B31148EE200040390091B71E /* TodoListUseCaseTransformer.swift in Sources */ = {isa = PBXBuildFile; fileRef = B31148DC200040390091B71E /* TodoListUseCaseTransformer.swift */; };
		B31148EF200040390091B71E /* TodoListUseCaseOutput.swift in Sources */ = {isa = PBXBuildFile; fileRef = B31148DD200040390091B71E /* TodoListUseCaseOutput.swift */; };
		B31148F0200040390091B71E /* TodoListRouter.swift in Sources */ = {isa = PBXBuildFile; fileRef = B31148DF200040390091B71E /* TodoListRouter.swift */; };
		B31148F32000410C0091B71E /* TodoManager.swift in Sources */ = {isa = PBXBuildFile; fileRef = B31148F12000410B0091B71E /* TodoManager.swift */; };
		B31148F42000410C0091B71E /* TodoManagerImpl.swift in Sources */ = {isa = PBXBuildFile; fileRef = B31148F22000410B0091B71E /* TodoManagerImpl.swift */; };
		B32058662006F5ED00C79C4A /* TodoData.swift in Sources */ = {isa = PBXBuildFile; fileRef = B32058652006F5ED00C79C4A /* TodoData.swift */; };
		B320586C2006F7C300C79C4A /* DateFormatter.swift in Sources */ = {isa = PBXBuildFile; fileRef = B32058692006F7C300C79C4A /* DateFormatter.swift */; };
		B320586D2006F7C300C79C4A /* NibBasedView.swift in Sources */ = {isa = PBXBuildFile; fileRef = B320586B2006F7C300C79C4A /* NibBasedView.swift */; };
		B320587020072DFC00C79C4A /* TodoRouterViewController.swift in Sources */ = {isa = PBXBuildFile; fileRef = B320586F20072DFC00C79C4A /* TodoRouterViewController.swift */; };
		B320587C200C357E00C79C4A /* TwoStateButton.swift in Sources */ = {isa = PBXBuildFile; fileRef = B320587A200C357E00C79C4A /* TwoStateButton.swift */; };
		B320587D200C357E00C79C4A /* TwoStateButton.xcassets in Resources */ = {isa = PBXBuildFile; fileRef = B320587B200C357E00C79C4A /* TwoStateButton.xcassets */; };
		B3523F2B1FFD271800DB7802 /* ManagerResponse.swift in Sources */ = {isa = PBXBuildFile; fileRef = B3523F2A1FFD271800DB7802 /* ManagerResponse.swift */; };
		B3523F301FFD299F00DB7802 /* EntityGateway.swift in Sources */ = {isa = PBXBuildFile; fileRef = B3523F2F1FFD299F00DB7802 /* EntityGateway.swift */; };
		B3523F321FFD2A8C00DB7802 /* EntityGatewayImpl.swift in Sources */ = {isa = PBXBuildFile; fileRef = B3523F311FFD2A8C00DB7802 /* EntityGatewayImpl.swift */; };
		B35577D01FF8110000AF9815 /* AppDelegate.swift in Sources */ = {isa = PBXBuildFile; fileRef = B35577CF1FF8110000AF9815 /* AppDelegate.swift */; };
		B35577D21FF8110000AF9815 /* ViewController.swift in Sources */ = {isa = PBXBuildFile; fileRef = B35577D11FF8110000AF9815 /* ViewController.swift */; };
		B35577D51FF8110000AF9815 /* Main.storyboard in Resources */ = {isa = PBXBuildFile; fileRef = B35577D31FF8110000AF9815 /* Main.storyboard */; };
		B35577D81FF8110000AF9815 /* Todo.xcdatamodeld in Sources */ = {isa = PBXBuildFile; fileRef = B35577D61FF8110000AF9815 /* Todo.xcdatamodeld */; };
		B35577DA1FF8110000AF9815 /* Assets.xcassets in Resources */ = {isa = PBXBuildFile; fileRef = B35577D91FF8110000AF9815 /* Assets.xcassets */; };
		B35577DD1FF8110000AF9815 /* LaunchScreen.storyboard in Resources */ = {isa = PBXBuildFile; fileRef = B35577DB1FF8110000AF9815 /* LaunchScreen.storyboard */; };
		B35577E81FF8110000AF9815 /* TodoTests.swift in Sources */ = {isa = PBXBuildFile; fileRef = B35577E71FF8110000AF9815 /* TodoTests.swift */; };
		B39CC42A1FFD43AC008A3B8E /* EntityGatewayFactory.swift in Sources */ = {isa = PBXBuildFile; fileRef = B39CC4291FFD43AC008A3B8E /* EntityGatewayFactory.swift */; };
		B3A454FD1FFDACBF00EDC6E9 /* Todo.swift in Sources */ = {isa = PBXBuildFile; fileRef = B3A454FA1FFDACBE00EDC6E9 /* Todo.swift */; };
/* End PBXBuildFile section */

/* Begin PBXContainerItemProxy section */
		B35577E41FF8110000AF9815 /* PBXContainerItemProxy */ = {
			isa = PBXContainerItemProxy;
			containerPortal = B35577C41FF8110000AF9815 /* Project object */;
			proxyType = 1;
			remoteGlobalIDString = B35577CB1FF8110000AF9815;
			remoteInfo = Todo;
		};
/* End PBXContainerItemProxy section */

/* Begin PBXFileReference section */
		B31148CA200040390091B71E /* TodoListPresenter.swift */ = {isa = PBXFileReference; fileEncoding = 4; lastKnownFileType = sourcecode.swift; path = TodoListPresenter.swift; sourceTree = "<group>"; };
		B31148CB200040390091B71E /* TodoListPresenterOutput.swift */ = {isa = PBXFileReference; fileEncoding = 4; lastKnownFileType = sourcecode.swift; path = TodoListPresenterOutput.swift; sourceTree = "<group>"; };
		B31148CC200040390091B71E /* TodoListViewModel.swift */ = {isa = PBXFileReference; fileEncoding = 4; lastKnownFileType = sourcecode.swift; path = TodoListViewModel.swift; sourceTree = "<group>"; };
		B31148D3200040390091B71E /* TodoListConnector.swift */ = {isa = PBXFileReference; fileEncoding = 4; lastKnownFileType = sourcecode.swift; path = TodoListConnector.swift; sourceTree = "<group>"; };
		B31148D5200040390091B71E /* TodoListAdapter.swift */ = {isa = PBXFileReference; fileEncoding = 4; lastKnownFileType = sourcecode.swift; path = TodoListAdapter.swift; sourceTree = "<group>"; };
		B31148D6200040390091B71E /* TodoListCellConfigurator.swift */ = {isa = PBXFileReference; fileEncoding = 4; lastKnownFileType = sourcecode.swift; path = TodoListCellConfigurator.swift; sourceTree = "<group>"; };
		B31148D7200040390091B71E /* TodoListViewController.swift */ = {isa = PBXFileReference; fileEncoding = 4; lastKnownFileType = sourcecode.swift; path = TodoListViewController.swift; sourceTree = "<group>"; };
		B31148D8200040390091B71E /* TodoListCell.swift */ = {isa = PBXFileReference; fileEncoding = 4; lastKnownFileType = sourcecode.swift; path = TodoListCell.swift; sourceTree = "<group>"; };
		B31148DA200040390091B71E /* TodoListPresentationModel.swift */ = {isa = PBXFileReference; fileEncoding = 4; lastKnownFileType = sourcecode.swift; path = TodoListPresentationModel.swift; sourceTree = "<group>"; };
		B31148DB200040390091B71E /* TodoListUseCase.swift */ = {isa = PBXFileReference; fileEncoding = 4; lastKnownFileType = sourcecode.swift; path = TodoListUseCase.swift; sourceTree = "<group>"; };
		B31148DC200040390091B71E /* TodoListUseCaseTransformer.swift */ = {isa = PBXFileReference; fileEncoding = 4; lastKnownFileType = sourcecode.swift; path = TodoListUseCaseTransformer.swift; sourceTree = "<group>"; };
		B31148DD200040390091B71E /* TodoListUseCaseOutput.swift */ = {isa = PBXFileReference; fileEncoding = 4; lastKnownFileType = sourcecode.swift; path = TodoListUseCaseOutput.swift; sourceTree = "<group>"; };
		B31148DF200040390091B71E /* TodoListRouter.swift */ = {isa = PBXFileReference; fileEncoding = 4; lastKnownFileType = sourcecode.swift; path = TodoListRouter.swift; sourceTree = "<group>"; };
		B31148F12000410B0091B71E /* TodoManager.swift */ = {isa = PBXFileReference; fileEncoding = 4; lastKnownFileType = sourcecode.swift; path = TodoManager.swift; sourceTree = "<group>"; };
		B31148F22000410B0091B71E /* TodoManagerImpl.swift */ = {isa = PBXFileReference; fileEncoding = 4; lastKnownFileType = sourcecode.swift; path = TodoManagerImpl.swift; sourceTree = "<group>"; };
		B32058652006F5ED00C79C4A /* TodoData.swift */ = {isa = PBXFileReference; fileEncoding = 4; lastKnownFileType = sourcecode.swift; path = TodoData.swift; sourceTree = "<group>"; };
		B32058692006F7C300C79C4A /* DateFormatter.swift */ = {isa = PBXFileReference; fileEncoding = 4; lastKnownFileType = sourcecode.swift; path = DateFormatter.swift; sourceTree = "<group>"; };
		B320586B2006F7C300C79C4A /* NibBasedView.swift */ = {isa = PBXFileReference; fileEncoding = 4; lastKnownFileType = sourcecode.swift; path = NibBasedView.swift; sourceTree = "<group>"; };
		B320586F20072DFC00C79C4A /* TodoRouterViewController.swift */ = {isa = PBXFileReference; lastKnownFileType = sourcecode.swift; path = TodoRouterViewController.swift; sourceTree = "<group>"; };
		B320587A200C357E00C79C4A /* TwoStateButton.swift */ = {isa = PBXFileReference; fileEncoding = 4; lastKnownFileType = sourcecode.swift; path = TwoStateButton.swift; sourceTree = "<group>"; };
		B320587B200C357E00C79C4A /* TwoStateButton.xcassets */ = {isa = PBXFileReference; lastKnownFileType = folder.assetcatalog; path = TwoStateButton.xcassets; sourceTree = "<group>"; };
		B3523F2A1FFD271800DB7802 /* ManagerResponse.swift */ = {isa = PBXFileReference; lastKnownFileType = sourcecode.swift; path = ManagerResponse.swift; sourceTree = "<group>"; };
		B3523F2F1FFD299F00DB7802 /* EntityGateway.swift */ = {isa = PBXFileReference; lastKnownFileType = sourcecode.swift; path = EntityGateway.swift; sourceTree = "<group>"; };
		B3523F311FFD2A8C00DB7802 /* EntityGatewayImpl.swift */ = {isa = PBXFileReference; lastKnownFileType = sourcecode.swift; path = EntityGatewayImpl.swift; sourceTree = "<group>"; };
		B35577CC1FF8110000AF9815 /* Todo.app */ = {isa = PBXFileReference; explicitFileType = wrapper.application; includeInIndex = 0; path = Todo.app; sourceTree = BUILT_PRODUCTS_DIR; };
		B35577CF1FF8110000AF9815 /* AppDelegate.swift */ = {isa = PBXFileReference; lastKnownFileType = sourcecode.swift; path = AppDelegate.swift; sourceTree = "<group>"; };
		B35577D11FF8110000AF9815 /* ViewController.swift */ = {isa = PBXFileReference; lastKnownFileType = sourcecode.swift; path = ViewController.swift; sourceTree = "<group>"; };
		B35577D41FF8110000AF9815 /* Base */ = {isa = PBXFileReference; lastKnownFileType = file.storyboard; name = Base; path = Base.lproj/Main.storyboard; sourceTree = "<group>"; };
		B35577D71FF8110000AF9815 /* Todo.xcdatamodel */ = {isa = PBXFileReference; lastKnownFileType = wrapper.xcdatamodel; path = Todo.xcdatamodel; sourceTree = "<group>"; };
		B35577D91FF8110000AF9815 /* Assets.xcassets */ = {isa = PBXFileReference; lastKnownFileType = folder.assetcatalog; path = Assets.xcassets; sourceTree = "<group>"; };
		B35577DC1FF8110000AF9815 /* Base */ = {isa = PBXFileReference; lastKnownFileType = file.storyboard; name = Base; path = Base.lproj/LaunchScreen.storyboard; sourceTree = "<group>"; };
		B35577DE1FF8110000AF9815 /* Info.plist */ = {isa = PBXFileReference; lastKnownFileType = text.plist.xml; path = Info.plist; sourceTree = "<group>"; };
		B35577E31FF8110000AF9815 /* TodoTests.xctest */ = {isa = PBXFileReference; explicitFileType = wrapper.cfbundle; includeInIndex = 0; path = TodoTests.xctest; sourceTree = BUILT_PRODUCTS_DIR; };
		B35577E71FF8110000AF9815 /* TodoTests.swift */ = {isa = PBXFileReference; lastKnownFileType = sourcecode.swift; path = TodoTests.swift; sourceTree = "<group>"; };
		B35577E91FF8110000AF9815 /* Info.plist */ = {isa = PBXFileReference; lastKnownFileType = text.plist.xml; path = Info.plist; sourceTree = "<group>"; };
		B39CC4291FFD43AC008A3B8E /* EntityGatewayFactory.swift */ = {isa = PBXFileReference; lastKnownFileType = sourcecode.swift; path = EntityGatewayFactory.swift; sourceTree = "<group>"; };
		B3A454FA1FFDACBE00EDC6E9 /* Todo.swift */ = {isa = PBXFileReference; fileEncoding = 4; lastKnownFileType = sourcecode.swift; path = Todo.swift; sourceTree = "<group>"; };
/* End PBXFileReference section */

/* Begin PBXFrameworksBuildPhase section */
		B35577C91FF8110000AF9815 /* Frameworks */ = {
			isa = PBXFrameworksBuildPhase;
			buildActionMask = 2147483647;
			files = (
			);
			runOnlyForDeploymentPostprocessing = 0;
		};
		B35577E01FF8110000AF9815 /* Frameworks */ = {
			isa = PBXFrameworksBuildPhase;
			buildActionMask = 2147483647;
			files = (
			);
			runOnlyForDeploymentPostprocessing = 0;
		};
/* End PBXFrameworksBuildPhase section */

/* Begin PBXGroup section */
		B31148C8200040390091B71E /* TodoList */ = {
			isa = PBXGroup;
			children = (
				B31148D2200040390091B71E /* Connector */,
				B31148D4200040390091B71E /* View */,
				B31148C9200040390091B71E /* Presenter */,
				B31148D9200040390091B71E /* UseCase */,
				B31148DE200040390091B71E /* Router */,
			);
			path = TodoList;
			sourceTree = "<group>";
		};
		B31148C9200040390091B71E /* Presenter */ = {
			isa = PBXGroup;
			children = (
				B31148CA200040390091B71E /* TodoListPresenter.swift */,
				B31148CB200040390091B71E /* TodoListPresenterOutput.swift */,
				B31148CC200040390091B71E /* TodoListViewModel.swift */,
			);
			path = Presenter;
			sourceTree = "<group>";
		};
		B31148D2200040390091B71E /* Connector */ = {
			isa = PBXGroup;
			children = (
				B31148D3200040390091B71E /* TodoListConnector.swift */,
			);
			path = Connector;
			sourceTree = "<group>";
		};
		B31148D4200040390091B71E /* View */ = {
			isa = PBXGroup;
			children = (
				B31148D7200040390091B71E /* TodoListViewController.swift */,
				B31148D5200040390091B71E /* TodoListAdapter.swift */,
				B31148D6200040390091B71E /* TodoListCellConfigurator.swift */,
				B31148D8200040390091B71E /* TodoListCell.swift */,
			);
			path = View;
			sourceTree = "<group>";
		};
		B31148D9200040390091B71E /* UseCase */ = {
			isa = PBXGroup;
			children = (
				B31148DA200040390091B71E /* TodoListPresentationModel.swift */,
				B31148DB200040390091B71E /* TodoListUseCase.swift */,
				B31148DC200040390091B71E /* TodoListUseCaseTransformer.swift */,
				B31148DD200040390091B71E /* TodoListUseCaseOutput.swift */,
			);
			path = UseCase;
			sourceTree = "<group>";
		};
		B31148DE200040390091B71E /* Router */ = {
			isa = PBXGroup;
			children = (
				B31148DF200040390091B71E /* TodoListRouter.swift */,
			);
			path = Router;
			sourceTree = "<group>";
		};
		B32058672006F7C300C79C4A /* Common */ = {
			isa = PBXGroup;
			children = (
				B32058682006F7C300C79C4A /* Presenters */,
				B320586A2006F7C300C79C4A /* Views */,
			);
			path = Common;
			sourceTree = "<group>";
		};
		B32058682006F7C300C79C4A /* Presenters */ = {
			isa = PBXGroup;
			children = (
				B32058692006F7C300C79C4A /* DateFormatter.swift */,
			);
			path = Presenters;
			sourceTree = "<group>";
		};
		B320586A2006F7C300C79C4A /* Views */ = {
			isa = PBXGroup;
			children = (
				B3205879200C357E00C79C4A /* TwoStateButton */,
				B320586B2006F7C300C79C4A /* NibBasedView.swift */,
			);
			path = Views;
			sourceTree = "<group>";
		};
		B320586E20072DD400C79C4A /* TodoRouter */ = {
			isa = PBXGroup;
			children = (
				B320586F20072DFC00C79C4A /* TodoRouterViewController.swift */,
			);
			path = TodoRouter;
			sourceTree = "<group>";
		};
		B3205879200C357E00C79C4A /* TwoStateButton */ = {
			isa = PBXGroup;
			children = (
				B320587A200C357E00C79C4A /* TwoStateButton.swift */,
				B320587B200C357E00C79C4A /* TwoStateButton.xcassets */,
			);
			path = TwoStateButton;
			sourceTree = "<group>";
		};
		B3523F2E1FFD294F00DB7802 /* EntityGateway */ = {
			isa = PBXGroup;
			children = (
				B3523F2F1FFD299F00DB7802 /* EntityGateway.swift */,
				B3523F311FFD2A8C00DB7802 /* EntityGatewayImpl.swift */,
				B39CC4291FFD43AC008A3B8E /* EntityGatewayFactory.swift */,
			);
			path = EntityGateway;
			sourceTree = "<group>";
		};
		B35577C31FF8110000AF9815 = {
			isa = PBXGroup;
			children = (
				B35577CE1FF8110000AF9815 /* Todo */,
				B35577E61FF8110000AF9815 /* TodoTests */,
				B35577CD1FF8110000AF9815 /* Products */,
			);
			sourceTree = "<group>";
		};
		B35577CD1FF8110000AF9815 /* Products */ = {
			isa = PBXGroup;
			children = (
				B35577CC1FF8110000AF9815 /* Todo.app */,
				B35577E31FF8110000AF9815 /* TodoTests.xctest */,
			);
			name = Products;
			sourceTree = "<group>";
		};
		B35577CE1FF8110000AF9815 /* Todo */ = {
			isa = PBXGroup;
			children = (
				B32058652006F5ED00C79C4A /* TodoData.swift */,
				B3A454F91FFDACBE00EDC6E9 /* Entities */,
				B3A454FB1FFDACBE00EDC6E9 /* Managers */,
				B3523F2E1FFD294F00DB7802 /* EntityGateway */,
				B3A454D11FFDABEF00EDC6E9 /* Scenes */,
				B35577CF1FF8110000AF9815 /* AppDelegate.swift */,
				B35577D11FF8110000AF9815 /* ViewController.swift */,
				B35577D91FF8110000AF9815 /* Assets.xcassets */,
				B35577DB1FF8110000AF9815 /* LaunchScreen.storyboard */,
				B35577DE1FF8110000AF9815 /* Info.plist */,
				B35577D61FF8110000AF9815 /* Todo.xcdatamodeld */,
				B3523F2A1FFD271800DB7802 /* ManagerResponse.swift */,
			);
			path = Todo;
			sourceTree = "<group>";
		};
		B35577E61FF8110000AF9815 /* TodoTests */ = {
			isa = PBXGroup;
			children = (
				B35577E71FF8110000AF9815 /* TodoTests.swift */,
				B35577E91FF8110000AF9815 /* Info.plist */,
			);
			path = TodoTests;
			sourceTree = "<group>";
		};
		B3A454D11FFDABEF00EDC6E9 /* Scenes */ = {
			isa = PBXGroup;
			children = (
				B320586E20072DD400C79C4A /* TodoRouter */,
				B32058672006F7C300C79C4A /* Common */,
				B31148C8200040390091B71E /* TodoList */,
				B35577D31FF8110000AF9815 /* Main.storyboard */,
			);
			path = Scenes;
			sourceTree = "<group>";
		};
		B3A454F91FFDACBE00EDC6E9 /* Entities */ = {
			isa = PBXGroup;
			children = (
				B3A454FA1FFDACBE00EDC6E9 /* Todo.swift */,
			);
			path = Entities;
			sourceTree = "<group>";
		};
		B3A454FB1FFDACBE00EDC6E9 /* Managers */ = {
			isa = PBXGroup;
			children = (
				B31148F12000410B0091B71E /* TodoManager.swift */,
				B31148F22000410B0091B71E /* TodoManagerImpl.swift */,
			);
			path = Managers;
			sourceTree = "<group>";
		};
/* End PBXGroup section */

/* Begin PBXNativeTarget section */
		B35577CB1FF8110000AF9815 /* Todo */ = {
			isa = PBXNativeTarget;
			buildConfigurationList = B35577EC1FF8110000AF9815 /* Build configuration list for PBXNativeTarget "Todo" */;
			buildPhases = (
				B35577C81FF8110000AF9815 /* Sources */,
				B35577C91FF8110000AF9815 /* Frameworks */,
				B35577CA1FF8110000AF9815 /* Resources */,
			);
			buildRules = (
			);
			dependencies = (
			);
			name = Todo;
			productName = Todo;
			productReference = B35577CC1FF8110000AF9815 /* Todo.app */;
			productType = "com.apple.product-type.application";
		};
		B35577E21FF8110000AF9815 /* TodoTests */ = {
			isa = PBXNativeTarget;
			buildConfigurationList = B35577EF1FF8110000AF9815 /* Build configuration list for PBXNativeTarget "TodoTests" */;
			buildPhases = (
				B35577DF1FF8110000AF9815 /* Sources */,
				B35577E01FF8110000AF9815 /* Frameworks */,
				B35577E11FF8110000AF9815 /* Resources */,
			);
			buildRules = (
			);
			dependencies = (
				B35577E51FF8110000AF9815 /* PBXTargetDependency */,
			);
			name = TodoTests;
			productName = TodoTests;
			productReference = B35577E31FF8110000AF9815 /* TodoTests.xctest */;
			productType = "com.apple.product-type.bundle.unit-test";
		};
/* End PBXNativeTarget section */

/* Begin PBXProject section */
		B35577C41FF8110000AF9815 /* Project object */ = {
			isa = PBXProject;
			attributes = {
				LastSwiftUpdateCheck = 0920;
				LastUpgradeCheck = 0920;
				ORGANIZATIONNAME = "Lyle Resnick";
				TargetAttributes = {
					B35577CB1FF8110000AF9815 = {
						CreatedOnToolsVersion = 9.2;
						ProvisioningStyle = Automatic;
					};
					B35577E21FF8110000AF9815 = {
						CreatedOnToolsVersion = 9.2;
						ProvisioningStyle = Automatic;
						TestTargetID = B35577CB1FF8110000AF9815;
					};
				};
			};
			buildConfigurationList = B35577C71FF8110000AF9815 /* Build configuration list for PBXProject "Todo" */;
			compatibilityVersion = "Xcode 8.0";
			developmentRegion = en;
			hasScannedForEncodings = 0;
			knownRegions = (
				en,
				Base,
			);
			mainGroup = B35577C31FF8110000AF9815;
			productRefGroup = B35577CD1FF8110000AF9815 /* Products */;
			projectDirPath = "";
			projectRoot = "";
			targets = (
				B35577CB1FF8110000AF9815 /* Todo */,
				B35577E21FF8110000AF9815 /* TodoTests */,
			);
		};
/* End PBXProject section */

/* Begin PBXResourcesBuildPhase section */
		B35577CA1FF8110000AF9815 /* Resources */ = {
			isa = PBXResourcesBuildPhase;
			buildActionMask = 2147483647;
			files = (
				B35577DD1FF8110000AF9815 /* LaunchScreen.storyboard in Resources */,
				B35577DA1FF8110000AF9815 /* Assets.xcassets in Resources */,
				B320587D200C357E00C79C4A /* TwoStateButton.xcassets in Resources */,
				B35577D51FF8110000AF9815 /* Main.storyboard in Resources */,
			);
			runOnlyForDeploymentPostprocessing = 0;
		};
		B35577E11FF8110000AF9815 /* Resources */ = {
			isa = PBXResourcesBuildPhase;
			buildActionMask = 2147483647;
			files = (
			);
			runOnlyForDeploymentPostprocessing = 0;
		};
/* End PBXResourcesBuildPhase section */

/* Begin PBXSourcesBuildPhase section */
		B35577C81FF8110000AF9815 /* Sources */ = {
			isa = PBXSourcesBuildPhase;
			buildActionMask = 2147483647;
			files = (
				B3523F321FFD2A8C00DB7802 /* EntityGatewayImpl.swift in Sources */,
				B35577D21FF8110000AF9815 /* ViewController.swift in Sources */,
				B31148E2200040390091B71E /* TodoListViewModel.swift in Sources */,
				B35577D81FF8110000AF9815 /* Todo.xcdatamodeld in Sources */,
				B31148EB200040390091B71E /* TodoListCell.swift in Sources */,
				B31148EA200040390091B71E /* TodoListViewController.swift in Sources */,
				B3523F301FFD299F00DB7802 /* EntityGateway.swift in Sources */,
				B31148E0200040390091B71E /* TodoListPresenter.swift in Sources */,
				B3523F2B1FFD271800DB7802 /* ManagerResponse.swift in Sources */,
				B31148F32000410C0091B71E /* TodoManager.swift in Sources */,
				B31148E1200040390091B71E /* TodoListPresenterOutput.swift in Sources */,
				B31148F42000410C0091B71E /* TodoManagerImpl.swift in Sources */,
				B31148E8200040390091B71E /* TodoListAdapter.swift in Sources */,
				B31148E7200040390091B71E /* TodoListConnector.swift in Sources */,
				B320586C2006F7C300C79C4A /* DateFormatter.swift in Sources */,
				B3A454FD1FFDACBF00EDC6E9 /* Todo.swift in Sources */,
				B31148EC200040390091B71E /* TodoListPresentationModel.swift in Sources */,
				B31148EE200040390091B71E /* TodoListUseCaseTransformer.swift in Sources */,
				B320586D2006F7C300C79C4A /* NibBasedView.swift in Sources */,
				B32058662006F5ED00C79C4A /* TodoData.swift in Sources */,
				B31148EF200040390091B71E /* TodoListUseCaseOutput.swift in Sources */,
				B31148E9200040390091B71E /* TodoListCellConfigurator.swift in Sources */,
				B320587C200C357E00C79C4A /* TwoStateButton.swift in Sources */,
				B31148F0200040390091B71E /* TodoListRouter.swift in Sources */,
				B31148ED200040390091B71E /* TodoListUseCase.swift in Sources */,
				B320587020072DFC00C79C4A /* TodoRouterViewController.swift in Sources */,
				B39CC42A1FFD43AC008A3B8E /* EntityGatewayFactory.swift in Sources */,
				B35577D01FF8110000AF9815 /* AppDelegate.swift in Sources */,
			);
			runOnlyForDeploymentPostprocessing = 0;
		};
		B35577DF1FF8110000AF9815 /* Sources */ = {
			isa = PBXSourcesBuildPhase;
			buildActionMask = 2147483647;
			files = (
				B35577E81FF8110000AF9815 /* TodoTests.swift in Sources */,
			);
			runOnlyForDeploymentPostprocessing = 0;
		};
/* End PBXSourcesBuildPhase section */

/* Begin PBXTargetDependency section */
		B35577E51FF8110000AF9815 /* PBXTargetDependency */ = {
			isa = PBXTargetDependency;
			target = B35577CB1FF8110000AF9815 /* Todo */;
			targetProxy = B35577E41FF8110000AF9815 /* PBXContainerItemProxy */;
		};
/* End PBXTargetDependency section */

/* Begin PBXVariantGroup section */
		B35577D31FF8110000AF9815 /* Main.storyboard */ = {
			isa = PBXVariantGroup;
			children = (
				B35577D41FF8110000AF9815 /* Base */,
			);
			name = Main.storyboard;
			sourceTree = "<group>";
		};
		B35577DB1FF8110000AF9815 /* LaunchScreen.storyboard */ = {
			isa = PBXVariantGroup;
			children = (
				B35577DC1FF8110000AF9815 /* Base */,
			);
			name = LaunchScreen.storyboard;
			sourceTree = "<group>";
		};
/* End PBXVariantGroup section */

/* Begin XCBuildConfiguration section */
		B35577EA1FF8110000AF9815 /* Debug */ = {
			isa = XCBuildConfiguration;
			buildSettings = {
				ALWAYS_SEARCH_USER_PATHS = NO;
				CLANG_ANALYZER_NONNULL = YES;
				CLANG_ANALYZER_NUMBER_OBJECT_CONVERSION = YES_AGGRESSIVE;
				CLANG_CXX_LANGUAGE_STANDARD = "gnu++14";
				CLANG_CXX_LIBRARY = "libc++";
				CLANG_ENABLE_MODULES = YES;
				CLANG_ENABLE_OBJC_ARC = YES;
				CLANG_WARN_BLOCK_CAPTURE_AUTORELEASING = YES;
				CLANG_WARN_BOOL_CONVERSION = YES;
				CLANG_WARN_COMMA = YES;
				CLANG_WARN_CONSTANT_CONVERSION = YES;
				CLANG_WARN_DIRECT_OBJC_ISA_USAGE = YES_ERROR;
				CLANG_WARN_DOCUMENTATION_COMMENTS = YES;
				CLANG_WARN_EMPTY_BODY = YES;
				CLANG_WARN_ENUM_CONVERSION = YES;
				CLANG_WARN_INFINITE_RECURSION = YES;
				CLANG_WARN_INT_CONVERSION = YES;
				CLANG_WARN_NON_LITERAL_NULL_CONVERSION = YES;
				CLANG_WARN_OBJC_LITERAL_CONVERSION = YES;
				CLANG_WARN_OBJC_ROOT_CLASS = YES_ERROR;
				CLANG_WARN_RANGE_LOOP_ANALYSIS = YES;
				CLANG_WARN_STRICT_PROTOTYPES = YES;
				CLANG_WARN_SUSPICIOUS_MOVE = YES;
				CLANG_WARN_UNGUARDED_AVAILABILITY = YES_AGGRESSIVE;
				CLANG_WARN_UNREACHABLE_CODE = YES;
				CLANG_WARN__DUPLICATE_METHOD_MATCH = YES;
				CODE_SIGN_IDENTITY = "iPhone Developer";
				COPY_PHASE_STRIP = NO;
				DEBUG_INFORMATION_FORMAT = dwarf;
				ENABLE_STRICT_OBJC_MSGSEND = YES;
				ENABLE_TESTABILITY = YES;
				GCC_C_LANGUAGE_STANDARD = gnu11;
				GCC_DYNAMIC_NO_PIC = NO;
				GCC_NO_COMMON_BLOCKS = YES;
				GCC_OPTIMIZATION_LEVEL = 0;
				GCC_PREPROCESSOR_DEFINITIONS = (
					"DEBUG=1",
					"$(inherited)",
				);
				GCC_WARN_64_TO_32_BIT_CONVERSION = YES;
				GCC_WARN_ABOUT_RETURN_TYPE = YES_ERROR;
				GCC_WARN_UNDECLARED_SELECTOR = YES;
				GCC_WARN_UNINITIALIZED_AUTOS = YES_AGGRESSIVE;
				GCC_WARN_UNUSED_FUNCTION = YES;
				GCC_WARN_UNUSED_VARIABLE = YES;
				IPHONEOS_DEPLOYMENT_TARGET = 11.2;
				MTL_ENABLE_DEBUG_INFO = YES;
				ONLY_ACTIVE_ARCH = YES;
				SDKROOT = iphoneos;
				SWIFT_ACTIVE_COMPILATION_CONDITIONS = DEBUG;
				SWIFT_OPTIMIZATION_LEVEL = "-Onone";
				SWIFT_VERSION = 4.0;
			};
			name = Debug;
		};
		B35577EB1FF8110000AF9815 /* Release */ = {
			isa = XCBuildConfiguration;
			buildSettings = {
				ALWAYS_SEARCH_USER_PATHS = NO;
				CLANG_ANALYZER_NONNULL = YES;
				CLANG_ANALYZER_NUMBER_OBJECT_CONVERSION = YES_AGGRESSIVE;
				CLANG_CXX_LANGUAGE_STANDARD = "gnu++14";
				CLANG_CXX_LIBRARY = "libc++";
				CLANG_ENABLE_MODULES = YES;
				CLANG_ENABLE_OBJC_ARC = YES;
				CLANG_WARN_BLOCK_CAPTURE_AUTORELEASING = YES;
				CLANG_WARN_BOOL_CONVERSION = YES;
				CLANG_WARN_COMMA = YES;
				CLANG_WARN_CONSTANT_CONVERSION = YES;
				CLANG_WARN_DIRECT_OBJC_ISA_USAGE = YES_ERROR;
				CLANG_WARN_DOCUMENTATION_COMMENTS = YES;
				CLANG_WARN_EMPTY_BODY = YES;
				CLANG_WARN_ENUM_CONVERSION = YES;
				CLANG_WARN_INFINITE_RECURSION = YES;
				CLANG_WARN_INT_CONVERSION = YES;
				CLANG_WARN_NON_LITERAL_NULL_CONVERSION = YES;
				CLANG_WARN_OBJC_LITERAL_CONVERSION = YES;
				CLANG_WARN_OBJC_ROOT_CLASS = YES_ERROR;
				CLANG_WARN_RANGE_LOOP_ANALYSIS = YES;
				CLANG_WARN_STRICT_PROTOTYPES = YES;
				CLANG_WARN_SUSPICIOUS_MOVE = YES;
				CLANG_WARN_UNGUARDED_AVAILABILITY = YES_AGGRESSIVE;
				CLANG_WARN_UNREACHABLE_CODE = YES;
				CLANG_WARN__DUPLICATE_METHOD_MATCH = YES;
				CODE_SIGN_IDENTITY = "iPhone Developer";
				COPY_PHASE_STRIP = NO;
				DEBUG_INFORMATION_FORMAT = "dwarf-with-dsym";
				ENABLE_NS_ASSERTIONS = NO;
				ENABLE_STRICT_OBJC_MSGSEND = YES;
				GCC_C_LANGUAGE_STANDARD = gnu11;
				GCC_NO_COMMON_BLOCKS = YES;
				GCC_WARN_64_TO_32_BIT_CONVERSION = YES;
				GCC_WARN_ABOUT_RETURN_TYPE = YES_ERROR;
				GCC_WARN_UNDECLARED_SELECTOR = YES;
				GCC_WARN_UNINITIALIZED_AUTOS = YES_AGGRESSIVE;
				GCC_WARN_UNUSED_FUNCTION = YES;
				GCC_WARN_UNUSED_VARIABLE = YES;
				IPHONEOS_DEPLOYMENT_TARGET = 11.2;
				MTL_ENABLE_DEBUG_INFO = NO;
				SDKROOT = iphoneos;
				SWIFT_OPTIMIZATION_LEVEL = "-Owholemodule";
				SWIFT_VERSION = 4.0;
				VALIDATE_PRODUCT = YES;
			};
			name = Release;
		};
		B35577ED1FF8110000AF9815 /* Debug */ = {
			isa = XCBuildConfiguration;
			buildSettings = {
				ASSETCATALOG_COMPILER_APPICON_NAME = AppIcon;
				CODE_SIGN_STYLE = Automatic;
				DEVELOPMENT_TEAM = JTC7H5GCJ5;
				INFOPLIST_FILE = Todo/Info.plist;
				LD_RUNPATH_SEARCH_PATHS = "$(inherited) @executable_path/Frameworks";
				PRODUCT_BUNDLE_IDENTIFIER = com.cellarpoint.Todo;
				PRODUCT_NAME = "$(TARGET_NAME)";
				SWIFT_VERSION = 4.0;
				TARGETED_DEVICE_FAMILY = "1,2";
			};
			name = Debug;
		};
		B35577EE1FF8110000AF9815 /* Release */ = {
			isa = XCBuildConfiguration;
			buildSettings = {
				ASSETCATALOG_COMPILER_APPICON_NAME = AppIcon;
				CODE_SIGN_STYLE = Automatic;
				DEVELOPMENT_TEAM = JTC7H5GCJ5;
				INFOPLIST_FILE = Todo/Info.plist;
				LD_RUNPATH_SEARCH_PATHS = "$(inherited) @executable_path/Frameworks";
				PRODUCT_BUNDLE_IDENTIFIER = com.cellarpoint.Todo;
				PRODUCT_NAME = "$(TARGET_NAME)";
				SWIFT_VERSION = 4.0;
				TARGETED_DEVICE_FAMILY = "1,2";
			};
			name = Release;
		};
		B35577F01FF8110000AF9815 /* Debug */ = {
			isa = XCBuildConfiguration;
			buildSettings = {
				ALWAYS_EMBED_SWIFT_STANDARD_LIBRARIES = YES;
				BUNDLE_LOADER = "$(TEST_HOST)";
				CODE_SIGN_STYLE = Automatic;
				DEVELOPMENT_TEAM = JTC7H5GCJ5;
				INFOPLIST_FILE = TodoTests/Info.plist;
				LD_RUNPATH_SEARCH_PATHS = "$(inherited) @executable_path/Frameworks @loader_path/Frameworks";
				PRODUCT_BUNDLE_IDENTIFIER = com.cellarpoint.TodoTests;
				PRODUCT_NAME = "$(TARGET_NAME)";
				SWIFT_VERSION = 4.0;
				TARGETED_DEVICE_FAMILY = "1,2";
				TEST_HOST = "$(BUILT_PRODUCTS_DIR)/Todo.app/Todo";
			};
			name = Debug;
		};
		B35577F11FF8110000AF9815 /* Release */ = {
			isa = XCBuildConfiguration;
			buildSettings = {
				ALWAYS_EMBED_SWIFT_STANDARD_LIBRARIES = YES;
				BUNDLE_LOADER = "$(TEST_HOST)";
				CODE_SIGN_STYLE = Automatic;
				DEVELOPMENT_TEAM = JTC7H5GCJ5;
				INFOPLIST_FILE = TodoTests/Info.plist;
				LD_RUNPATH_SEARCH_PATHS = "$(inherited) @executable_path/Frameworks @loader_path/Frameworks";
				PRODUCT_BUNDLE_IDENTIFIER = com.cellarpoint.TodoTests;
				PRODUCT_NAME = "$(TARGET_NAME)";
				SWIFT_VERSION = 4.0;
				TARGETED_DEVICE_FAMILY = "1,2";
				TEST_HOST = "$(BUILT_PRODUCTS_DIR)/Todo.app/Todo";
			};
			name = Release;
		};
/* End XCBuildConfiguration section */

/* Begin XCConfigurationList section */
		B35577C71FF8110000AF9815 /* Build configuration list for PBXProject "Todo" */ = {
			isa = XCConfigurationList;
			buildConfigurations = (
				B35577EA1FF8110000AF9815 /* Debug */,
				B35577EB1FF8110000AF9815 /* Release */,
			);
			defaultConfigurationIsVisible = 0;
			defaultConfigurationName = Release;
		};
		B35577EC1FF8110000AF9815 /* Build configuration list for PBXNativeTarget "Todo" */ = {
			isa = XCConfigurationList;
			buildConfigurations = (
				B35577ED1FF8110000AF9815 /* Debug */,
				B35577EE1FF8110000AF9815 /* Release */,
			);
			defaultConfigurationIsVisible = 0;
			defaultConfigurationName = Release;
		};
		B35577EF1FF8110000AF9815 /* Build configuration list for PBXNativeTarget "TodoTests" */ = {
			isa = XCConfigurationList;
			buildConfigurations = (
				B35577F01FF8110000AF9815 /* Debug */,
				B35577F11FF8110000AF9815 /* Release */,
			);
			defaultConfigurationIsVisible = 0;
			defaultConfigurationName = Release;
		};
/* End XCConfigurationList section */

/* Begin XCVersionGroup section */
		B35577D61FF8110000AF9815 /* Todo.xcdatamodeld */ = {
			isa = XCVersionGroup;
			children = (
				B35577D71FF8110000AF9815 /* Todo.xcdatamodel */,
			);
			currentVersion = B35577D71FF8110000AF9815 /* Todo.xcdatamodel */;
			path = Todo.xcdatamodeld;
			sourceTree = "<group>";
			versionGroupType = wrapper.xcdatamodel;
		};
/* End XCVersionGroup section */
	};
	rootObject = B35577C41FF8110000AF9815 /* Project object */;
}
